// !$*UTF8*$!
{
	archiveVersion = 1;
	classes = {
	};
	objectVersion = 48;
	objects = {

/* Begin PBXBuildFile section */
		6073A61D1F81D658004E5AF2 /* AppDelegate.swift in Sources */ = {isa = PBXBuildFile; fileRef = 6073A61C1F81D658004E5AF2 /* AppDelegate.swift */; };
		6073A61F1F81D658004E5AF2 /* ViewController.swift in Sources */ = {isa = PBXBuildFile; fileRef = 6073A61E1F81D658004E5AF2 /* ViewController.swift */; };
		6073A6221F81D658004E5AF2 /* Main.storyboard in Resources */ = {isa = PBXBuildFile; fileRef = 6073A6201F81D658004E5AF2 /* Main.storyboard */; };
		6073A6241F81D658004E5AF2 /* Assets.xcassets in Resources */ = {isa = PBXBuildFile; fileRef = 6073A6231F81D658004E5AF2 /* Assets.xcassets */; };
		6073A6271F81D658004E5AF2 /* LaunchScreen.storyboard in Resources */ = {isa = PBXBuildFile; fileRef = 6073A6251F81D658004E5AF2 /* LaunchScreen.storyboard */; };
/* End PBXBuildFile section */

/* Begin PBXFileReference section */
		6073A6191F81D658004E5AF2 /* FinalProject-HTH.app */ = {isa = PBXFileReference; explicitFileType = wrapper.application; includeInIndex = 0; path = "FinalProject-HTH.app"; sourceTree = BUILT_PRODUCTS_DIR; };
		6073A61C1F81D658004E5AF2 /* AppDelegate.swift */ = {isa = PBXFileReference; lastKnownFileType = sourcecode.swift; path = AppDelegate.swift; sourceTree = "<group>"; };
		6073A61E1F81D658004E5AF2 /* ViewController.swift */ = {isa = PBXFileReference; lastKnownFileType = sourcecode.swift; path = ViewController.swift; sourceTree = "<group>"; };
		6073A6211F81D658004E5AF2 /* Base */ = {isa = PBXFileReference; lastKnownFileType = file.storyboard; name = Base; path = Base.lproj/Main.storyboard; sourceTree = "<group>"; };
		6073A6231F81D658004E5AF2 /* Assets.xcassets */ = {isa = PBXFileReference; lastKnownFileType = folder.assetcatalog; path = Assets.xcassets; sourceTree = "<group>"; };
		6073A6261F81D658004E5AF2 /* Base */ = {isa = PBXFileReference; lastKnownFileType = file.storyboard; name = Base; path = Base.lproj/LaunchScreen.storyboard; sourceTree = "<group>"; };
		6073A6281F81D658004E5AF2 /* Info.plist */ = {isa = PBXFileReference; lastKnownFileType = text.plist.xml; path = Info.plist; sourceTree = "<group>"; };
/* End PBXFileReference section */

/* Begin PBXFrameworksBuildPhase section */
		6073A6161F81D658004E5AF2 /* Frameworks */ = {
			isa = PBXFrameworksBuildPhase;
			buildActionMask = 2147483647;
			files = (
			);
			runOnlyForDeploymentPostprocessing = 0;
		};
/* End PBXFrameworksBuildPhase section */

/* Begin PBXGroup section */
		6073A6101F81D658004E5AF2 = {
			isa = PBXGroup;
			children = (
				6073A61B1F81D658004E5AF2 /* FinalProject-HTH */,
				6073A61A1F81D658004E5AF2 /* Products */,
			);
			sourceTree = "<group>";
		};
		6073A61A1F81D658004E5AF2 /* Products */ = {
			isa = PBXGroup;
			children = (
				6073A6191F81D658004E5AF2 /* FinalProject-HTH.app */,
			);
			name = Products;
			sourceTree = "<group>";
		};
		6073A61B1F81D658004E5AF2 /* FinalProject-HTH */ = {
			isa = PBXGroup;
			children = (
				6073A61C1F81D658004E5AF2 /* AppDelegate.swift */,
				6073A61E1F81D658004E5AF2 /* ViewController.swift */,
				6073A6201F81D658004E5AF2 /* Main.storyboard */,
				6073A6231F81D658004E5AF2 /* Assets.xcassets */,
				6073A6251F81D658004E5AF2 /* LaunchScreen.storyboard */,
				6073A6281F81D658004E5AF2 /* Info.plist */,
			);
			path = "FinalProject-HTH";
			sourceTree = "<group>";
		};
/* End PBXGroup section */

/* Begin PBXNativeTarget section */
		6073A6181F81D658004E5AF2 /* FinalProject-HTH */ = {
			isa = PBXNativeTarget;
			buildConfigurationList = 6073A62B1F81D658004E5AF2 /* Build configuration list for PBXNativeTarget "FinalProject-HTH" */;
			buildPhases = (
				6073A6151F81D658004E5AF2 /* Sources */,
				6073A6161F81D658004E5AF2 /* Frameworks */,
				6073A6171F81D658004E5AF2 /* Resources */,
			);
			buildRules = (
			);
			dependencies = (
			);
			name = "FinalProject-HTH";
			productName = "FinalProject-HTH";
			productReference = 6073A6191F81D658004E5AF2 /* FinalProject-HTH.app */;
			productType = "com.apple.product-type.application";
		};
/* End PBXNativeTarget section */

/* Begin PBXProject section */
		6073A6111F81D658004E5AF2 /* Project object */ = {
			isa = PBXProject;
			attributes = {
				LastSwiftUpdateCheck = 0900;
				LastUpgradeCheck = 0900;
				ORGANIZATIONNAME = "Hoang Thu Ha";
				TargetAttributes = {
					6073A6181F81D658004E5AF2 = {
						CreatedOnToolsVersion = 9.0;
						ProvisioningStyle = Automatic;
					};
				};
			};
			buildConfigurationList = 6073A6141F81D658004E5AF2 /* Build configuration list for PBXProject "FinalProject-HTH" */;
			compatibilityVersion = "Xcode 8.0";
			developmentRegion = en;
			hasScannedForEncodings = 0;
			knownRegions = (
				en,
				Base,
			);
			mainGroup = 6073A6101F81D658004E5AF2;
			productRefGroup = 6073A61A1F81D658004E5AF2 /* Products */;
			projectDirPath = "";
			projectRoot = "";
			targets = (
				6073A6181F81D658004E5AF2 /* FinalProject-HTH */,
			);
		};
/* End PBXProject section */

/* Begin PBXResourcesBuildPhase section */
		6073A6171F81D658004E5AF2 /* Resources */ = {
			isa = PBXResourcesBuildPhase;
			buildActionMask = 2147483647;
			files = (
				6073A6271F81D658004E5AF2 /* LaunchScreen.storyboard in Resources */,
				6073A6241F81D658004E5AF2 /* Assets.xcassets in Resources */,
				6073A6221F81D658004E5AF2 /* Main.storyboard in Resources */,
			);
			runOnlyForDeploymentPostprocessing = 0;
		};
/* End PBXResourcesBuildPhase section */

/* Begin PBXSourcesBuildPhase section */
		6073A6151F81D658004E5AF2 /* Sources */ = {
			isa = PBXSourcesBuildPhase;
			buildActionMask = 2147483647;
			files = (
				6073A61F1F81D658004E5AF2 /* ViewController.swift in Sources */,
				6073A61D1F81D658004E5AF2 /* AppDelegate.swift in Sources */,
			);
			runOnlyForDeploymentPostprocessing = 0;
		};
/* End PBXSourcesBuildPhase section */

/* Begin PBXVariantGroup section */
		6073A6201F81D658004E5AF2 /* Main.storyboard */ = {
			isa = PBXVariantGroup;
			children = (
				6073A6211F81D658004E5AF2 /* Base */,
			);
			name = Main.storyboard;
			sourceTree = "<group>";
		};
		6073A6251F81D658004E5AF2 /* LaunchScreen.storyboard */ = {
			isa = PBXVariantGroup;
			children = (
				6073A6261F81D658004E5AF2 /* Base */,
			);
			name = LaunchScreen.storyboard;
			sourceTree = "<group>";
		};
/* End PBXVariantGroup section */

/* Begin XCBuildConfiguration section */
		6073A6291F81D658004E5AF2 /* Debug */ = {
			isa = XCBuildConfiguration;
			buildSettings = {
				ALWAYS_SEARCH_USER_PATHS = NO;
				CLANG_ANALYZER_NONNULL = YES;
				CLANG_ANALYZER_NUMBER_OBJECT_CONVERSION = YES_AGGRESSIVE;
				CLANG_CXX_LANGUAGE_STANDARD = "gnu++14";
				CLANG_CXX_LIBRARY = "libc++";
				CLANG_ENABLE_MODULES = YES;
				CLANG_ENABLE_OBJC_ARC = YES;
				CLANG_WARN_BLOCK_CAPTURE_AUTORELEASING = YES;
				CLANG_WARN_BOOL_CONVERSION = YES;
				CLANG_WARN_COMMA = YES;
				CLANG_WARN_CONSTANT_CONVERSION = YES;
				CLANG_WARN_DIRECT_OBJC_ISA_USAGE = YES_ERROR;
				CLANG_WARN_DOCUMENTATION_COMMENTS = YES;
				CLANG_WARN_EMPTY_BODY = YES;
				CLANG_WARN_ENUM_CONVERSION = YES;
				CLANG_WARN_INFINITE_RECURSION = YES;
				CLANG_WARN_INT_CONVERSION = YES;
				CLANG_WARN_NON_LITERAL_NULL_CONVERSION = YES;
				CLANG_WARN_OBJC_LITERAL_CONVERSION = YES;
				CLANG_WARN_OBJC_ROOT_CLASS = YES_ERROR;
				CLANG_WARN_RANGE_LOOP_ANALYSIS = YES;
				CLANG_WARN_STRICT_PROTOTYPES = YES;
				CLANG_WARN_SUSPICIOUS_MOVE = YES;
				CLANG_WARN_UNGUARDED_AVAILABILITY = YES_AGGRESSIVE;
				CLANG_WARN_UNREACHABLE_CODE = YES;
				CLANG_WARN__DUPLICATE_METHOD_MATCH = YES;
				CODE_SIGN_IDENTITY = "iPhone Developer";
				COPY_PHASE_STRIP = NO;
				DEBUG_INFORMATION_FORMAT = dwarf;
				ENABLE_STRICT_OBJC_MSGSEND = YES;
				ENABLE_TESTABILITY = YES;
				GCC_C_LANGUAGE_STANDARD = gnu11;
				GCC_DYNAMIC_NO_PIC = NO;
				GCC_NO_COMMON_BLOCKS = YES;
				GCC_OPTIMIZATION_LEVEL = 0;
				GCC_PREPROCESSOR_DEFINITIONS = (
					"DEBUG=1",
					"$(inherited)",
				);
				GCC_WARN_64_TO_32_BIT_CONVERSION = YES;
				GCC_WARN_ABOUT_RETURN_TYPE = YES_ERROR;
				GCC_WARN_UNDECLARED_SELECTOR = YES;
				GCC_WARN_UNINITIALIZED_AUTOS = YES_AGGRESSIVE;
				GCC_WARN_UNUSED_FUNCTION = YES;
				GCC_WARN_UNUSED_VARIABLE = YES;
				IPHONEOS_DEPLOYMENT_TARGET = 11.0;
				MTL_ENABLE_DEBUG_INFO = YES;
				ONLY_ACTIVE_ARCH = YES;
				SDKROOT = iphoneos;
				SWIFT_ACTIVE_COMPILATION_CONDITIONS = DEBUG;
				SWIFT_OPTIMIZATION_LEVEL = "-Onone";
			};
			name = Debug;
		};
		6073A62A1F81D658004E5AF2 /* Release */ = {
			isa = XCBuildConfiguration;
			buildSettings = {
				ALWAYS_SEARCH_USER_PATHS = NO;
				CLANG_ANALYZER_NONNULL = YES;
				CLANG_ANALYZER_NUMBER_OBJECT_CONVERSION = YES_AGGRESSIVE;
				CLANG_CXX_LANGUAGE_STANDARD = "gnu++14";
				CLANG_CXX_LIBRARY = "libc++";
				CLANG_ENABLE_MODULES = YES;
				CLANG_ENABLE_OBJC_ARC = YES;
				CLANG_WARN_BLOCK_CAPTURE_AUTORELEASING = YES;
				CLANG_WARN_BOOL_CONVERSION = YES;
				CLANG_WARN_COMMA = YES;
				CLANG_WARN_CONSTANT_CONVERSION = YES;
				CLANG_WARN_DIRECT_OBJC_ISA_USAGE = YES_ERROR;
				CLANG_WARN_DOCUMENTATION_COMMENTS = YES;
				CLANG_WARN_EMPTY_BODY = YES;
				CLANG_WARN_ENUM_CONVERSION = YES;
				CLANG_WARN_INFINITE_RECURSION = YES;
				CLANG_WARN_INT_CONVERSION = YES;
				CLANG_WARN_NON_LITERAL_NULL_CONVERSION = YES;
				CLANG_WARN_OBJC_LITERAL_CONVERSION = YES;
				CLANG_WARN_OBJC_ROOT_CLASS = YES_ERROR;
				CLANG_WARN_RANGE_LOOP_ANALYSIS = YES;
				CLANG_WARN_STRICT_PROTOTYPES = YES;
				CLANG_WARN_SUSPICIOUS_MOVE = YES;
				CLANG_WARN_UNGUARDED_AVAILABILITY = YES_AGGRESSIVE;
				CLANG_WARN_UNREACHABLE_CODE = YES;
				CLANG_WARN__DUPLICATE_METHOD_MATCH = YES;
				CODE_SIGN_IDENTITY = "iPhone Developer";
				COPY_PHASE_STRIP = NO;
				DEBUG_INFORMATION_FORMAT = "dwarf-with-dsym";
				ENABLE_NS_ASSERTIONS = NO;
				ENABLE_STRICT_OBJC_MSGSEND = YES;
				GCC_C_LANGUAGE_STANDARD = gnu11;
				GCC_NO_COMMON_BLOCKS = YES;
				GCC_WARN_64_TO_32_BIT_CONVERSION = YES;
				GCC_WARN_ABOUT_RETURN_TYPE = YES_ERROR;
				GCC_WARN_UNDECLARED_SELECTOR = YES;
				GCC_WARN_UNINITIALIZED_AUTOS = YES_AGGRESSIVE;
				GCC_WARN_UNUSED_FUNCTION = YES;
				GCC_WARN_UNUSED_VARIABLE = YES;
				IPHONEOS_DEPLOYMENT_TARGET = 11.0;
				MTL_ENABLE_DEBUG_INFO = NO;
				SDKROOT = iphoneos;
				SWIFT_OPTIMIZATION_LEVEL = "-Owholemodule";
				VALIDATE_PRODUCT = YES;
			};
			name = Release;
		};
		6073A62C1F81D658004E5AF2 /* Debug */ = {
			isa = XCBuildConfiguration;
			buildSettings = {
				ASSETCATALOG_COMPILER_APPICON_NAME = AppIcon;
				CODE_SIGN_STYLE = Automatic;
				INFOPLIST_FILE = "FinalProject-HTH/Info.plist";
				LD_RUNPATH_SEARCH_PATHS = "$(inherited) @executable_path/Frameworks";
				PRODUCT_BUNDLE_IDENTIFIER = "abc.FinalProject-HTH";
				PRODUCT_NAME = "$(TARGET_NAME)";
				SWIFT_VERSION = 4.0;
				TARGETED_DEVICE_FAMILY = "1,2";
			};
			name = Debug;
		};
		6073A62D1F81D658004E5AF2 /* Release */ = {
			isa = XCBuildConfiguration;
			buildSettings = {
				ASSETCATALOG_COMPILER_APPICON_NAME = AppIcon;
				CODE_SIGN_STYLE = Automatic;
				INFOPLIST_FILE = "FinalProject-HTH/Info.plist";
				LD_RUNPATH_SEARCH_PATHS = "$(inherited) @executable_path/Frameworks";
				PRODUCT_BUNDLE_IDENTIFIER = "abc.FinalProject-HTH";
				PRODUCT_NAME = "$(TARGET_NAME)";
				SWIFT_VERSION = 4.0;
				TARGETED_DEVICE_FAMILY = "1,2";
			};
			name = Release;
		};
/* End XCBuildConfiguration section */

/* Begin XCConfigurationList section */
		6073A6141F81D658004E5AF2 /* Build configuration list for PBXProject "FinalProject-HTH" */ = {
			isa = XCConfigurationList;
			buildConfigurations = (
				6073A6291F81D658004E5AF2 /* Debug */,
				6073A62A1F81D658004E5AF2 /* Release */,
			);
			defaultConfigurationIsVisible = 0;
			defaultConfigurationName = Release;
		};
		6073A62B1F81D658004E5AF2 /* Build configuration list for PBXNativeTarget "FinalProject-HTH" */ = {
			isa = XCConfigurationList;
			buildConfigurations = (
				6073A62C1F81D658004E5AF2 /* Debug */,
				6073A62D1F81D658004E5AF2 /* Release */,
			);
			defaultConfigurationIsVisible = 0;
			defaultConfigurationName = Release;
		};
/* End XCConfigurationList section */
	};
	rootObject = 6073A6111F81D658004E5AF2 /* Project object */;
}
